
Microsoft Visual Studio Solution File, Format Version 12.00
# Visual Studio Version 17
VisualStudioVersion = 17.11.35312.102
MinimumVisualStudioVersion = 10.0.40219.1
Project("{8BC9CEB8-8B4A-11D0-8D11-00A0C91BC942}") = "ReadCRDbgExt", "ReadCRDbgExt\ReadCRDbgExt.vcxproj", "{78BD9103-3B0A-46DF-9261-148EA8F34DF0}"
EndProject
Project("{8BC9CEB8-8B4A-11D0-8D11-00A0C91BC942}") = "GetCPL", "GetCPL\GetCPL.vcxproj", "{F9AB9899-9F93-4252-B634-740F19CCC1DC}"
EndProject
Project("{8BC9CEB8-8B4A-11D0-8D11-00A0C91BC942}") = "PagingDbgExt", "PagingDbgExt\PagingDbgExt.vcxproj", "{4321EA53-183E-4104-887D-5CBFC14E4211}"
EndProject
Project("{8BC9CEB8-8B4A-11D0-8D11-00A0C91BC942}") = "ReadIDTDbgExt", "ReadIDTDbgExt\ReadIDTDbgExt.vcxproj", "{32175898-45C7-4C47-990E-EBB9DA9D0992}"
EndProject
Global
	GlobalSection(SolutionConfigurationPlatforms) = preSolution
		Release|x64 = Release|x64
	EndGlobalSection
	GlobalSection(ProjectConfigurationPlatforms) = postSolution
		{78BD9103-3B0A-46DF-9261-148EA8F34DF0}.Release|x64.ActiveCfg = Release|x64
		{78BD9103-3B0A-46DF-9261-148EA8F34DF0}.Release|x64.Build.0 = Release|x64
		{F9AB9899-9F93-4252-B634-740F19CCC1DC}.Release|x64.ActiveCfg = Release|x64
		{F9AB9899-9F93-4252-B634-740F19CCC1DC}.Release|x64.Build.0 = Release|x64
		{4321EA53-183E-4104-887D-5CBFC14E4211}.Release|x64.ActiveCfg = Release|x64
		{4321EA53-183E-4104-887D-5CBFC14E4211}.Release|x64.Build.0 = Release|x64
		{32175898-45C7-4C47-990E-EBB9DA9D0992}.Release|x64.ActiveCfg = Release|x64
		{32175898-45C7-4C47-990E-EBB9DA9D0992}.Release|x64.Build.0 = Release|x64
	EndGlobalSection
	GlobalSection(SolutionProperties) = preSolution
		HideSolutionNode = FALSE
	EndGlobalSection
	GlobalSection(ExtensibilityGlobals) = postSolution
		SolutionGuid = {6D678FC6-563C-4AB4-B381-0A1C39284E52}
	EndGlobalSection
EndGlobal
