<?xml version="1.0" encoding="utf-8"?>
<Project ToolsVersion="4.0" xmlns="http://schemas.microsoft.com/developer/msbuild/2003">
  <ItemGroup>
    <Filter Include="Header Files">
      <UniqueIdentifier>{a88b16d9-5c2c-48e4-9eb1-23dddf6ea064}</UniqueIdentifier>
    </Filter>
    <Filter Include="Source Files">
      <UniqueIdentifier>{1c52dd49-2f39-4d9a-ab53-2ba8836d6616}</UniqueIdentifier>
    </Filter>
  </ItemGroup>
  <ItemGroup>
    <ClInclude Include="Inc\BaseDataTypes.h">
      <Filter>Header Files</Filter>
    </ClInclude>
    <ClInclude Include="Inc\Common.h">
      <Filter>Header Files</Filter>
    </ClInclude>
    <ClInclude Include="Inc\WriteProtectBypass.h">
      <Filter>Header Files</Filter>
    </ClInclude>
  </ItemGroup>
  <ItemGroup>
    <ClCompile Include="Src\DrvMain.cpp">
      <Filter>Source Files</Filter>
    </ClCompile>
    <ClCompile Include="Src\WriteProtectBypass.cpp">
      <Filter>Source Files</Filter>
    </ClCompile>
  </ItemGroup>
</Project>